{
  "lockfileVersion": 1,
  "workspaces": {
    "": {
      "name": "duplicate-file-doctor",
      "dependencies": {
        "@qzda/prolog": "latest",
        "adm-zip": "^0.5.16",
        "hasha": "^6.0.0"
      },
      "devDependencies": {
        "@types/adm-zip": "^0.5.6",
        "@types/bun": "latest"
      }
    }
  },
  "packages": {
    "@qzda/prolog": [
      "@qzda/prolog@1.0.6",
      "",
      {},
      "sha512-B6jMk7qAMAI5n/5S3P+jKXgfWS7IE6JDIj0c/PF8ceeSCwglfq2PV11OtNI5MSqPHpGmKdk4Bc3wVxw+Z8BQtA=="
    ],

    "@types/adm-zip": [
      "@types/adm-zip@0.5.7",
      "",
      { "dependencies": { "@types/node": "*" } },
      "sha512-DNEs/QvmyRLurdQPChqq0Md4zGvPwHerAJYWk9l2jCbD1VPpnzRJorOdiq4zsw09NFbYnhfsoEhWtxIzXpn2yw=="
    ],

    "@types/bun": [
      "@types/bun@1.2.15",
      "",
      { "dependencies": { "bun-types": "1.2.15" } },
      "sha512-U1ljPdBEphF0nw1MIk0hI7kPg7dFdPyM7EenHsp6W5loNHl7zqy6JQf/RKCgnUn2KDzUpkBwHPnEJEjII594bA=="
    ],

    "@types/node": [
      "@types/node@24.0.0",
      "",
      { "dependencies": { "undici-types": "~7.8.0" } },
      "sha512-yZQa2zm87aRVcqDyH5+4Hv9KYgSdgwX1rFnGvpbzMaC7YAljmhBET93TPiTd3ObwTL+gSpIzPKg5BqVxdCvxKg=="
    ],

    "adm-zip": [
      "adm-zip@0.5.16",
      "",
      {},
      "sha512-TGw5yVi4saajsSEgz25grObGHEUaDrniwvA2qwSC060KfqGPdglhvPMA2lPIoxs3PQIItj2iag35fONcQqgUaQ=="
    ],

    "bun-types": [
      "bun-types@1.2.15",
      "",
      { "dependencies": { "@types/node": "*" } },
      "sha512-NarRIaS+iOaQU1JPfyKhZm4AsUOrwUOqRNHY0XxI8GI8jYxiLXLcdjYMG9UKS+fwWasc1uw1htV9AX24dD+p4w=="
    ],

    "hasha": [
      "hasha@6.0.0",
      "",
      { "dependencies": { "is-stream": "^3.0.0", "type-fest": "^4.7.1" } },
      "sha512-MLydoyGp9QJcjlhE5lsLHXYpWayjjWqkavzju2ZWD2tYa1CgmML1K1gWAu22BLFa2eZ0OfvJ/DlfoVjaD54U2Q=="
    ],

    "is-stream": [
      "is-stream@3.0.0",
      "",
      {},
      "sha512-LnQR4bZ9IADDRSkvpqMGvt/tEJWclzklNgSw48V5EAaAeDd6qGvN8ei6k5p0tvxSR171VmGyHuTiAOfxAbr8kA=="
    ],

    "type-fest": [
      "type-fest@4.41.0",
      "",
      {},
      "sha512-TeTSQ6H5YHvpqVwBRcnLDCBnDOHWYu7IvGbHT6N8AOymcr9PJGjc1GTtiWZTYg0NCgYwvnYWEkVChQAr9bjfwA=="
    ],

    "undici-types": [
      "undici-types@7.8.0",
      "",
      {},
      "sha512-9UJ2xGDvQ43tYyVMpuHlsgApydB8ZKfVYTsLDhXkFL/6gfkp+U8xTGdh8pMJv1SpZna0zxG1DwsKZsreLbXBxw=="
    ]
  }
}
